// !$*UTF8*$!
{
	archiveVersion = 1;
	classes = {
	};
	objectVersion = 56;
	objects = {

/* Begin PBXBuildFile section */
		0CB150BB5166B4EC351C5C6D /* Pods_FaceID_iOS.framework in Frameworks */ = {isa = PBXBuildFile; fileRef = 095C1269D6C7DF33E98891AA /* Pods_FaceID_iOS.framework */; };
		E507B48B2A380AC900331FCA /* FaceID_iOSApp.swift in Sources */ = {isa = PBXBuildFile; fileRef = E507B48A2A380AC900331FCA /* FaceID_iOSApp.swift */; };
		E507B48F2A380ACA00331FCA /* Assets.xcassets in Resources */ = {isa = PBXBuildFile; fileRef = E507B48E2A380ACA00331FCA /* Assets.xcassets */; };
		E507B4922A380ACA00331FCA /* Preview Assets.xcassets in Resources */ = {isa = PBXBuildFile; fileRef = E507B4912A380ACA00331FCA /* Preview Assets.xcassets */; };
		E507B4942A380ACA00331FCA /* Persistence.swift in Sources */ = {isa = PBXBuildFile; fileRef = E507B4932A380ACA00331FCA /* Persistence.swift */; };
		E507B4972A380ACA00331FCA /* FaceID_iOS.xcdatamodeld in Sources */ = {isa = PBXBuildFile; fileRef = E507B4952A380ACA00331FCA /* FaceID_iOS.xcdatamodeld */; };
		E507B4A02A380CD100331FCA /* CameraError.swift in Sources */ = {isa = PBXBuildFile; fileRef = E507B49F2A380CD100331FCA /* CameraError.swift */; };
		E507B4A22A380E0900331FCA /* ErrorView.swift in Sources */ = {isa = PBXBuildFile; fileRef = E507B4A12A380E0900331FCA /* ErrorView.swift */; };
		E507B4AA2A381BE400331FCA /* CGImage+CVPixelBuffer.swift in Sources */ = {isa = PBXBuildFile; fileRef = E507B4A92A381BE400331FCA /* CGImage+CVPixelBuffer.swift */; };
		E52222CA2A3AB6940058246C /* CameraViewModel.swift in Sources */ = {isa = PBXBuildFile; fileRef = E52222C92A3AB6940058246C /* CameraViewModel.swift */; };
		E53B06692A5BB05E0068F67F /* OpenCVWrapper.mm in Sources */ = {isa = PBXBuildFile; fileRef = E53B06682A5BB05E0068F67F /* OpenCVWrapper.mm */; };
		E53B066B2A5BF4630068F67F /* FaceDetectorModel.swift in Sources */ = {isa = PBXBuildFile; fileRef = E53B066A2A5BF4630068F67F /* FaceDetectorModel.swift */; };
		E585685A2A3969DA008460A3 /* FaceInstructionView.swift in Sources */ = {isa = PBXBuildFile; fileRef = E58568592A3969DA008460A3 /* FaceInstructionView.swift */; };
		E58B23912A4BCD05005DCF83 /* FaceEnrollCompletionView.swift in Sources */ = {isa = PBXBuildFile; fileRef = E58B23902A4BCD05005DCF83 /* FaceEnrollCompletionView.swift */; };
		E58B23932A4BF1C5005DCF83 /* NavigationUtils.swift in Sources */ = {isa = PBXBuildFile; fileRef = E58B23922A4BF1C5005DCF83 /* NavigationUtils.swift */; };
		E5962D252A5E8D7E002B4593 /* Array+Extensions.swift in Sources */ = {isa = PBXBuildFile; fileRef = E5962D242A5E8D7E002B4593 /* Array+Extensions.swift */; };
		E5962D282A5E96B8002B4593 /* FaceAntiSpoofing2.mlmodel in Sources */ = {isa = PBXBuildFile; fileRef = E5962D262A5E96B8002B4593 /* FaceAntiSpoofing2.mlmodel */; };
		E5962D292A5E96B8002B4593 /* FaceAntiSpoofing4.mlmodel in Sources */ = {isa = PBXBuildFile; fileRef = E5962D272A5E96B8002B4593 /* FaceAntiSpoofing4.mlmodel */; };
		E5962D2B2A5EA470002B4593 /* CGImage+Rotating.swift in Sources */ = {isa = PBXBuildFile; fileRef = E5962D2A2A5EA470002B4593 /* CGImage+Rotating.swift */; };
		E5962D2D2A5EA674002B4593 /* CGContext+Extensions.swift in Sources */ = {isa = PBXBuildFile; fileRef = E5962D2C2A5EA674002B4593 /* CGContext+Extensions.swift */; };
		E5962D2F2A5EA6B1002B4593 /* Pixel.swift in Sources */ = {isa = PBXBuildFile; fileRef = E5962D2E2A5EA6B1002B4593 /* Pixel.swift */; };
		E5962D312A5EA728002B4593 /* CGImage+Extensions.swift in Sources */ = {isa = PBXBuildFile; fileRef = E5962D302A5EA728002B4593 /* CGImage+Extensions.swift */; };
		E5962D332A5EA7AC002B4593 /* CGSize+Extensions.swift in Sources */ = {isa = PBXBuildFile; fileRef = E5962D322A5EA7AC002B4593 /* CGSize+Extensions.swift */; };
		E59C4EF52A579716009E57C3 /* UIImage+Extensions.swift in Sources */ = {isa = PBXBuildFile; fileRef = E59C4EF42A579716009E57C3 /* UIImage+Extensions.swift */; };
		E59C5A662A454EBB0069D718 /* Color+Extensions.swift in Sources */ = {isa = PBXBuildFile; fileRef = E59C5A652A454EBB0069D718 /* Color+Extensions.swift */; };
		E59C5A682A4554C80069D718 /* WelcomeView.swift in Sources */ = {isa = PBXBuildFile; fileRef = E59C5A672A4554C80069D718 /* WelcomeView.swift */; };
		E59C5A6B2A4557B70069D718 /* Math.swift in Sources */ = {isa = PBXBuildFile; fileRef = E59C5A6A2A4557B70069D718 /* Math.swift */; };
		E59C5A6E2A457E220069D718 /* CustomTextView.swift in Sources */ = {isa = PBXBuildFile; fileRef = E59C5A6D2A457E220069D718 /* CustomTextView.swift */; };
		E59C5A712A4586690069D718 /* Text.swift in Sources */ = {isa = PBXBuildFile; fileRef = E59C5A702A4586690069D718 /* Text.swift */; };
		E59C5A732A4588100069D718 /* DefaultProgressCircle.swift in Sources */ = {isa = PBXBuildFile; fileRef = E59C5A722A4588100069D718 /* DefaultProgressCircle.swift */; };
		E5A01CD82A42A88300E7BD7E /* UIImage+CVPixelBuffer.swift in Sources */ = {isa = PBXBuildFile; fileRef = E5A01CD72A42A88300E7BD7E /* UIImage+CVPixelBuffer.swift */; };
		E5A01CDA2A42AB0100E7BD7E /* FaceCaptureBorderView.swift in Sources */ = {isa = PBXBuildFile; fileRef = E5A01CD92A42AB0100E7BD7E /* FaceCaptureBorderView.swift */; };
		E5A01CDC2A42AD0800E7BD7E /* View+Extensions.swift in Sources */ = {isa = PBXBuildFile; fileRef = E5A01CDB2A42AD0800E7BD7E /* View+Extensions.swift */; };
		E5A01CDE2A42AD4400E7BD7E /* UINavigationController.swift in Sources */ = {isa = PBXBuildFile; fileRef = E5A01CDD2A42AD4400E7BD7E /* UINavigationController.swift */; };
		E5A01CE02A42B00100E7BD7E /* FaceCaptureProgressView.swift in Sources */ = {isa = PBXBuildFile; fileRef = E5A01CDF2A42B00100E7BD7E /* FaceCaptureProgressView.swift */; };
		E5A01CE62A42EE5600E7BD7E /* FaceAntiSpoofingHelper.swift in Sources */ = {isa = PBXBuildFile; fileRef = E5A01CE52A42EE5600E7BD7E /* FaceAntiSpoofingHelper.swift */; };
		E5A01CE82A42FAF100E7BD7E /* CVPixelBuffer+Resize.swift in Sources */ = {isa = PBXBuildFile; fileRef = E5A01CE72A42FAF100E7BD7E /* CVPixelBuffer+Resize.swift */; };
		E5A01CEA2A42FE4F00E7BD7E /* CVPixelBuffer+Create.swift in Sources */ = {isa = PBXBuildFile; fileRef = E5A01CE92A42FE4F00E7BD7E /* CVPixelBuffer+Create.swift */; };
		E5AB70952A4D1F8600EACCF9 /* FaceCheckinView.swift in Sources */ = {isa = PBXBuildFile; fileRef = E5AB70942A4D1F8600EACCF9 /* FaceCheckinView.swift */; };
		E5AB70972A4D2E2100EACCF9 /* FaceCaptureStatusView.swift in Sources */ = {isa = PBXBuildFile; fileRef = E5AB70962A4D2E2100EACCF9 /* FaceCaptureStatusView.swift */; };
		E5AB70992A4D3F6B00EACCF9 /* FaceCheckinCompletionView.swift in Sources */ = {isa = PBXBuildFile; fileRef = E5AB70982A4D3F6B00EACCF9 /* FaceCheckinCompletionView.swift */; };
		E5AC887C2A4ECFEF00F71AA7 /* CGRect+Extensions.swift in Sources */ = {isa = PBXBuildFile; fileRef = E5AC887B2A4ECFEF00F71AA7 /* CGRect+Extensions.swift */; };
		E5AC974B2A381DEA00DC1B27 /* CameraViewController.swift in Sources */ = {isa = PBXBuildFile; fileRef = E5AC974A2A381DEA00DC1B27 /* CameraViewController.swift */; };
		E5AC974D2A384B7E00DC1B27 /* UIScreen+Extensions.swift in Sources */ = {isa = PBXBuildFile; fileRef = E5AC974C2A384B7E00DC1B27 /* UIScreen+Extensions.swift */; };
		E5AC97502A384C5C00DC1B27 /* CameraView.swift in Sources */ = {isa = PBXBuildFile; fileRef = E5AC974F2A384C5C00DC1B27 /* CameraView.swift */; };
		E5AC97522A384CC200DC1B27 /* FaceEnrollView.swift in Sources */ = {isa = PBXBuildFile; fileRef = E5AC97512A384CC200DC1B27 /* FaceEnrollView.swift */; };
		E5AE11702A442BA9003C38CC /* FaceID.mlmodel in Sources */ = {isa = PBXBuildFile; fileRef = E5AE116F2A442BA9003C38CC /* FaceID.mlmodel */; };
		E5AE11722A442C80003C38CC /* FaceMask.mlmodel in Sources */ = {isa = PBXBuildFile; fileRef = E5AE11712A442C80003C38CC /* FaceMask.mlmodel */; };
		E5AE11742A442D08003C38CC /* FaceMaskHelper.swift in Sources */ = {isa = PBXBuildFile; fileRef = E5AE11732A442D08003C38CC /* FaceMaskHelper.swift */; };
		E5AE52732A40145700CB741F /* FaceBoundingBoxView.swift in Sources */ = {isa = PBXBuildFile; fileRef = E5AE52722A40145700CB741F /* FaceBoundingBoxView.swift */; };
		E5AE52752A4034DB00CB741F /* Constants.swift in Sources */ = {isa = PBXBuildFile; fileRef = E5AE52742A4034DB00CB741F /* Constants.swift */; };
		E5B554722A493D5800CD8E36 /* ProgressBarView.swift in Sources */ = {isa = PBXBuildFile; fileRef = E5B554712A493D5800CD8E36 /* ProgressBarView.swift */; };
		E5B87DBF2A4186C5002AECD9 /* FaceIDHelper.swift in Sources */ = {isa = PBXBuildFile; fileRef = E5B87DBE2A4186C5002AECD9 /* FaceIDHelper.swift */; };
		E5DCE1D12A4AD5D9004B0761 /* CosineSimilarity.swift in Sources */ = {isa = PBXBuildFile; fileRef = E5DCE1D02A4AD5D9004B0761 /* CosineSimilarity.swift */; };
/* End PBXBuildFile section */

/* Begin PBXFileReference section */
		095C1269D6C7DF33E98891AA /* Pods_FaceID_iOS.framework */ = {isa = PBXFileReference; explicitFileType = wrapper.framework; includeInIndex = 0; path = Pods_FaceID_iOS.framework; sourceTree = BUILT_PRODUCTS_DIR; };
		28AA8C53C24D49CD2537F5A9 /* Pods-FaceID-iOS.debug.xcconfig */ = {isa = PBXFileReference; includeInIndex = 1; lastKnownFileType = text.xcconfig; name = "Pods-FaceID-iOS.debug.xcconfig"; path = "Target Support Files/Pods-FaceID-iOS/Pods-FaceID-iOS.debug.xcconfig"; sourceTree = "<group>"; };
		7A7D0CDFADD0E5F2C7CCC2DC /* Pods-FaceID-iOS.release.xcconfig */ = {isa = PBXFileReference; includeInIndex = 1; lastKnownFileType = text.xcconfig; name = "Pods-FaceID-iOS.release.xcconfig"; path = "Target Support Files/Pods-FaceID-iOS/Pods-FaceID-iOS.release.xcconfig"; sourceTree = "<group>"; };
		E507B4872A380AC900331FCA /* FaceID-iOS.app */ = {isa = PBXFileReference; explicitFileType = wrapper.application; includeInIndex = 0; path = "FaceID-iOS.app"; sourceTree = BUILT_PRODUCTS_DIR; };
		E507B48A2A380AC900331FCA /* FaceID_iOSApp.swift */ = {isa = PBXFileReference; lastKnownFileType = sourcecode.swift; path = FaceID_iOSApp.swift; sourceTree = "<group>"; };
		E507B48E2A380ACA00331FCA /* Assets.xcassets */ = {isa = PBXFileReference; lastKnownFileType = folder.assetcatalog; path = Assets.xcassets; sourceTree = "<group>"; };
		E507B4912A380ACA00331FCA /* Preview Assets.xcassets */ = {isa = PBXFileReference; lastKnownFileType = folder.assetcatalog; path = "Preview Assets.xcassets"; sourceTree = "<group>"; };
		E507B4932A380ACA00331FCA /* Persistence.swift */ = {isa = PBXFileReference; lastKnownFileType = sourcecode.swift; path = Persistence.swift; sourceTree = "<group>"; };
		E507B4962A380ACA00331FCA /* FaceID_iOS.xcdatamodel */ = {isa = PBXFileReference; lastKnownFileType = wrapper.xcdatamodel; path = FaceID_iOS.xcdatamodel; sourceTree = "<group>"; };
		E507B49F2A380CD100331FCA /* CameraError.swift */ = {isa = PBXFileReference; lastKnownFileType = sourcecode.swift; path = CameraError.swift; sourceTree = "<group>"; };
		E507B4A12A380E0900331FCA /* ErrorView.swift */ = {isa = PBXFileReference; lastKnownFileType = sourcecode.swift; path = ErrorView.swift; sourceTree = "<group>"; };
		E507B4A92A381BE400331FCA /* CGImage+CVPixelBuffer.swift */ = {isa = PBXFileReference; lastKnownFileType = sourcecode.swift; path = "CGImage+CVPixelBuffer.swift"; sourceTree = "<group>"; };
		E52222C92A3AB6940058246C /* CameraViewModel.swift */ = {isa = PBXFileReference; lastKnownFileType = sourcecode.swift; path = CameraViewModel.swift; sourceTree = "<group>"; };
		E53B06662A5BAFF40068F67F /* FaceID-iOS-Bridging-Header.h */ = {isa = PBXFileReference; lastKnownFileType = sourcecode.c.h; path = "FaceID-iOS-Bridging-Header.h"; sourceTree = "<group>"; };
		E53B06672A5BB05E0068F67F /* OpenCVWrapper.h */ = {isa = PBXFileReference; lastKnownFileType = sourcecode.c.h; path = OpenCVWrapper.h; sourceTree = "<group>"; };
		E53B06682A5BB05E0068F67F /* OpenCVWrapper.mm */ = {isa = PBXFileReference; lastKnownFileType = sourcecode.cpp.objcpp; path = OpenCVWrapper.mm; sourceTree = "<group>"; };
		E53B066A2A5BF4630068F67F /* FaceDetectorModel.swift */ = {isa = PBXFileReference; lastKnownFileType = sourcecode.swift; path = FaceDetectorModel.swift; sourceTree = "<group>"; };
		E58568592A3969DA008460A3 /* FaceInstructionView.swift */ = {isa = PBXFileReference; lastKnownFileType = sourcecode.swift; path = FaceInstructionView.swift; sourceTree = "<group>"; };
		E58B23902A4BCD05005DCF83 /* FaceEnrollCompletionView.swift */ = {isa = PBXFileReference; lastKnownFileType = sourcecode.swift; path = FaceEnrollCompletionView.swift; sourceTree = "<group>"; };
		E58B23922A4BF1C5005DCF83 /* NavigationUtils.swift */ = {isa = PBXFileReference; lastKnownFileType = sourcecode.swift; path = NavigationUtils.swift; sourceTree = "<group>"; };
		E5962D242A5E8D7E002B4593 /* Array+Extensions.swift */ = {isa = PBXFileReference; lastKnownFileType = sourcecode.swift; path = "Array+Extensions.swift"; sourceTree = "<group>"; };
		E5962D262A5E96B8002B4593 /* FaceAntiSpoofing2.mlmodel */ = {isa = PBXFileReference; lastKnownFileType = file.mlmodel; path = FaceAntiSpoofing2.mlmodel; sourceTree = "<group>"; };
		E5962D272A5E96B8002B4593 /* FaceAntiSpoofing4.mlmodel */ = {isa = PBXFileReference; lastKnownFileType = file.mlmodel; path = FaceAntiSpoofing4.mlmodel; sourceTree = "<group>"; };
		E5962D2A2A5EA470002B4593 /* CGImage+Rotating.swift */ = {isa = PBXFileReference; lastKnownFileType = sourcecode.swift; path = "CGImage+Rotating.swift"; sourceTree = "<group>"; };
		E5962D2C2A5EA674002B4593 /* CGContext+Extensions.swift */ = {isa = PBXFileReference; lastKnownFileType = sourcecode.swift; path = "CGContext+Extensions.swift"; sourceTree = "<group>"; };
		E5962D2E2A5EA6B1002B4593 /* Pixel.swift */ = {isa = PBXFileReference; lastKnownFileType = sourcecode.swift; path = Pixel.swift; sourceTree = "<group>"; };
		E5962D302A5EA728002B4593 /* CGImage+Extensions.swift */ = {isa = PBXFileReference; lastKnownFileType = sourcecode.swift; path = "CGImage+Extensions.swift"; sourceTree = "<group>"; };
		E5962D322A5EA7AC002B4593 /* CGSize+Extensions.swift */ = {isa = PBXFileReference; lastKnownFileType = sourcecode.swift; path = "CGSize+Extensions.swift"; sourceTree = "<group>"; };
		E59C4EF42A579716009E57C3 /* UIImage+Extensions.swift */ = {isa = PBXFileReference; lastKnownFileType = sourcecode.swift; path = "UIImage+Extensions.swift"; sourceTree = "<group>"; };
		E59C5A652A454EBB0069D718 /* Color+Extensions.swift */ = {isa = PBXFileReference; lastKnownFileType = sourcecode.swift; path = "Color+Extensions.swift"; sourceTree = "<group>"; };
		E59C5A672A4554C80069D718 /* WelcomeView.swift */ = {isa = PBXFileReference; lastKnownFileType = sourcecode.swift; path = WelcomeView.swift; sourceTree = "<group>"; };
		E59C5A6A2A4557B70069D718 /* Math.swift */ = {isa = PBXFileReference; lastKnownFileType = sourcecode.swift; path = Math.swift; sourceTree = "<group>"; };
		E59C5A6D2A457E220069D718 /* CustomTextView.swift */ = {isa = PBXFileReference; lastKnownFileType = sourcecode.swift; path = CustomTextView.swift; sourceTree = "<group>"; };
		E59C5A702A4586690069D718 /* Text.swift */ = {isa = PBXFileReference; lastKnownFileType = sourcecode.swift; path = Text.swift; sourceTree = "<group>"; };
		E59C5A722A4588100069D718 /* DefaultProgressCircle.swift */ = {isa = PBXFileReference; lastKnownFileType = sourcecode.swift; path = DefaultProgressCircle.swift; sourceTree = "<group>"; };
		E5A01CD72A42A88300E7BD7E /* UIImage+CVPixelBuffer.swift */ = {isa = PBXFileReference; lastKnownFileType = sourcecode.swift; path = "UIImage+CVPixelBuffer.swift"; sourceTree = "<group>"; };
		E5A01CD92A42AB0100E7BD7E /* FaceCaptureBorderView.swift */ = {isa = PBXFileReference; lastKnownFileType = sourcecode.swift; path = FaceCaptureBorderView.swift; sourceTree = "<group>"; };
		E5A01CDB2A42AD0800E7BD7E /* View+Extensions.swift */ = {isa = PBXFileReference; lastKnownFileType = sourcecode.swift; path = "View+Extensions.swift"; sourceTree = "<group>"; };
		E5A01CDD2A42AD4400E7BD7E /* UINavigationController.swift */ = {isa = PBXFileReference; lastKnownFileType = sourcecode.swift; path = UINavigationController.swift; sourceTree = "<group>"; };
		E5A01CDF2A42B00100E7BD7E /* FaceCaptureProgressView.swift */ = {isa = PBXFileReference; lastKnownFileType = sourcecode.swift; path = FaceCaptureProgressView.swift; sourceTree = "<group>"; };
		E5A01CE52A42EE5600E7BD7E /* FaceAntiSpoofingHelper.swift */ = {isa = PBXFileReference; lastKnownFileType = sourcecode.swift; path = FaceAntiSpoofingHelper.swift; sourceTree = "<group>"; };
		E5A01CE72A42FAF100E7BD7E /* CVPixelBuffer+Resize.swift */ = {isa = PBXFileReference; lastKnownFileType = sourcecode.swift; path = "CVPixelBuffer+Resize.swift"; sourceTree = "<group>"; };
		E5A01CE92A42FE4F00E7BD7E /* CVPixelBuffer+Create.swift */ = {isa = PBXFileReference; lastKnownFileType = sourcecode.swift; path = "CVPixelBuffer+Create.swift"; sourceTree = "<group>"; };
		E5AB70942A4D1F8600EACCF9 /* FaceCheckinView.swift */ = {isa = PBXFileReference; lastKnownFileType = sourcecode.swift; path = FaceCheckinView.swift; sourceTree = "<group>"; };
		E5AB70962A4D2E2100EACCF9 /* FaceCaptureStatusView.swift */ = {isa = PBXFileReference; lastKnownFileType = sourcecode.swift; path = FaceCaptureStatusView.swift; sourceTree = "<group>"; };
		E5AB70982A4D3F6B00EACCF9 /* FaceCheckinCompletionView.swift */ = {isa = PBXFileReference; lastKnownFileType = sourcecode.swift; path = FaceCheckinCompletionView.swift; sourceTree = "<group>"; };
		E5AC887B2A4ECFEF00F71AA7 /* CGRect+Extensions.swift */ = {isa = PBXFileReference; lastKnownFileType = sourcecode.swift; path = "CGRect+Extensions.swift"; sourceTree = "<group>"; };
		E5AC974A2A381DEA00DC1B27 /* CameraViewController.swift */ = {isa = PBXFileReference; lastKnownFileType = sourcecode.swift; path = CameraViewController.swift; sourceTree = "<group>"; };
		E5AC974C2A384B7E00DC1B27 /* UIScreen+Extensions.swift */ = {isa = PBXFileReference; lastKnownFileType = sourcecode.swift; path = "UIScreen+Extensions.swift"; sourceTree = "<group>"; };
		E5AC974F2A384C5C00DC1B27 /* CameraView.swift */ = {isa = PBXFileReference; lastKnownFileType = sourcecode.swift; path = CameraView.swift; sourceTree = "<group>"; };
		E5AC97512A384CC200DC1B27 /* FaceEnrollView.swift */ = {isa = PBXFileReference; lastKnownFileType = sourcecode.swift; path = FaceEnrollView.swift; sourceTree = "<group>"; };
		E5AE116F2A442BA9003C38CC /* FaceID.mlmodel */ = {isa = PBXFileReference; lastKnownFileType = file.mlmodel; path = FaceID.mlmodel; sourceTree = "<group>"; };
		E5AE11712A442C80003C38CC /* FaceMask.mlmodel */ = {isa = PBXFileReference; lastKnownFileType = file.mlmodel; path = FaceMask.mlmodel; sourceTree = "<group>"; };
		E5AE11732A442D08003C38CC /* FaceMaskHelper.swift */ = {isa = PBXFileReference; lastKnownFileType = sourcecode.swift; path = FaceMaskHelper.swift; sourceTree = "<group>"; };
		E5AE52722A40145700CB741F /* FaceBoundingBoxView.swift */ = {isa = PBXFileReference; lastKnownFileType = sourcecode.swift; path = FaceBoundingBoxView.swift; sourceTree = "<group>"; };
		E5AE52742A4034DB00CB741F /* Constants.swift */ = {isa = PBXFileReference; lastKnownFileType = sourcecode.swift; path = Constants.swift; sourceTree = "<group>"; };
		E5B554712A493D5800CD8E36 /* ProgressBarView.swift */ = {isa = PBXFileReference; lastKnownFileType = sourcecode.swift; path = ProgressBarView.swift; sourceTree = "<group>"; };
		E5B87DBE2A4186C5002AECD9 /* FaceIDHelper.swift */ = {isa = PBXFileReference; lastKnownFileType = sourcecode.swift; path = FaceIDHelper.swift; sourceTree = "<group>"; };
		E5DCE1D02A4AD5D9004B0761 /* CosineSimilarity.swift */ = {isa = PBXFileReference; lastKnownFileType = sourcecode.swift; path = CosineSimilarity.swift; sourceTree = "<group>"; };
/* End PBXFileReference section */

/* Begin PBXFrameworksBuildPhase section */
		E507B4842A380AC900331FCA /* Frameworks */ = {
			isa = PBXFrameworksBuildPhase;
			buildActionMask = 2147483647;
			files = (
				0CB150BB5166B4EC351C5C6D /* Pods_FaceID_iOS.framework in Frameworks */,
			);
			runOnlyForDeploymentPostprocessing = 0;
		};
/* End PBXFrameworksBuildPhase section */

/* Begin PBXGroup section */
		16B653CBEE29BD1E4609664F /* Frameworks */ = {
			isa = PBXGroup;
			children = (
				095C1269D6C7DF33E98891AA /* Pods_FaceID_iOS.framework */,
			);
			name = Frameworks;
			sourceTree = "<group>";
		};
		3524C79033AA02D8DB7D0921 /* Pods */ = {
			isa = PBXGroup;
			children = (
				28AA8C53C24D49CD2537F5A9 /* Pods-FaceID-iOS.debug.xcconfig */,
				7A7D0CDFADD0E5F2C7CCC2DC /* Pods-FaceID-iOS.release.xcconfig */,
			);
			path = Pods;
			sourceTree = "<group>";
		};
		E507B47E2A380AC800331FCA = {
			isa = PBXGroup;
			children = (
				E507B4892A380AC900331FCA /* FaceID-iOS */,
				E507B4882A380AC900331FCA /* Products */,
				3524C79033AA02D8DB7D0921 /* Pods */,
				16B653CBEE29BD1E4609664F /* Frameworks */,
			);
			sourceTree = "<group>";
		};
		E507B4882A380AC900331FCA /* Products */ = {
			isa = PBXGroup;
			children = (
				E507B4872A380AC900331FCA /* FaceID-iOS.app */,
			);
			name = Products;
			sourceTree = "<group>";
		};
		E507B4892A380AC900331FCA /* FaceID-iOS */ = {
			isa = PBXGroup;
			children = (
				E53B06602A5BAF1B0068F67F /* OpenCV */,
				E59C5A6C2A457E010069D718 /* Reuseables */,
				E507B48E2A380ACA00331FCA /* Assets.xcassets */,
				E59C5A692A4557A80069D718 /* Utils */,
				E5B87DB92A418569002AECD9 /* AIModel */,
				E5AE526F2A4010B400CB741F /* Constants */,
				E507B4A82A381BC700331FCA /* Extensions */,
				E507B49E2A380C7700331FCA /* Camera */,
				E507B49D2A380C5900331FCA /* Views */,
				E507B48A2A380AC900331FCA /* FaceID_iOSApp.swift */,
				E507B4932A380ACA00331FCA /* Persistence.swift */,
				E507B4952A380ACA00331FCA /* FaceID_iOS.xcdatamodeld */,
				E507B4902A380ACA00331FCA /* Preview Content */,
			);
			path = "FaceID-iOS";
			sourceTree = "<group>";
		};
		E507B4902A380ACA00331FCA /* Preview Content */ = {
			isa = PBXGroup;
			children = (
				E507B4912A380ACA00331FCA /* Preview Assets.xcassets */,
			);
			path = "Preview Content";
			sourceTree = "<group>";
		};
		E507B49D2A380C5900331FCA /* Views */ = {
			isa = PBXGroup;
			children = (
				E507B4A12A380E0900331FCA /* ErrorView.swift */,
				E59C5A672A4554C80069D718 /* WelcomeView.swift */,
				E58568592A3969DA008460A3 /* FaceInstructionView.swift */,
				E5AC97512A384CC200DC1B27 /* FaceEnrollView.swift */,
				E5AB70942A4D1F8600EACCF9 /* FaceCheckinView.swift */,
				E5AE52722A40145700CB741F /* FaceBoundingBoxView.swift */,
				E5A01CD92A42AB0100E7BD7E /* FaceCaptureBorderView.swift */,
				E5A01CDF2A42B00100E7BD7E /* FaceCaptureProgressView.swift */,
				E58B23902A4BCD05005DCF83 /* FaceEnrollCompletionView.swift */,
				E5AB70982A4D3F6B00EACCF9 /* FaceCheckinCompletionView.swift */,
				E5AB70962A4D2E2100EACCF9 /* FaceCaptureStatusView.swift */,
			);
			path = Views;
			sourceTree = "<group>";
		};
		E507B49E2A380C7700331FCA /* Camera */ = {
			isa = PBXGroup;
			children = (
				E52222CC2A3AB6D70058246C /* Error */,
				E5AC974E2A384C4D00DC1B27 /* View */,
				E507B4A32A3810DA00331FCA /* Model */,
			);
			path = Camera;
			sourceTree = "<group>";
		};
		E507B4A32A3810DA00331FCA /* Model */ = {
			isa = PBXGroup;
			children = (
				E52222C92A3AB6940058246C /* CameraViewModel.swift */,
				E53B066A2A5BF4630068F67F /* FaceDetectorModel.swift */,
			);
			path = Model;
			sourceTree = "<group>";
		};
		E507B4A82A381BC700331FCA /* Extensions */ = {
			isa = PBXGroup;
			children = (
				E5962D242A5E8D7E002B4593 /* Array+Extensions.swift */,
				E59C5A652A454EBB0069D718 /* Color+Extensions.swift */,
				E5AC887B2A4ECFEF00F71AA7 /* CGRect+Extensions.swift */,
				E5A01CDB2A42AD0800E7BD7E /* View+Extensions.swift */,
				E5A01CDD2A42AD4400E7BD7E /* UINavigationController.swift */,
				E5AC974C2A384B7E00DC1B27 /* UIScreen+Extensions.swift */,
				E5A01CD72A42A88300E7BD7E /* UIImage+CVPixelBuffer.swift */,
				E5A01CE72A42FAF100E7BD7E /* CVPixelBuffer+Resize.swift */,
				E5A01CE92A42FE4F00E7BD7E /* CVPixelBuffer+Create.swift */,
				E59C4EF42A579716009E57C3 /* UIImage+Extensions.swift */,
				E507B4A92A381BE400331FCA /* CGImage+CVPixelBuffer.swift */,
				E5962D2A2A5EA470002B4593 /* CGImage+Rotating.swift */,
				E5962D302A5EA728002B4593 /* CGImage+Extensions.swift */,
				E5962D322A5EA7AC002B4593 /* CGSize+Extensions.swift */,
				E5962D2C2A5EA674002B4593 /* CGContext+Extensions.swift */,
			);
			path = Extensions;
			sourceTree = "<group>";
		};
		E52222CC2A3AB6D70058246C /* Error */ = {
			isa = PBXGroup;
			children = (
				E507B49F2A380CD100331FCA /* CameraError.swift */,
			);
			path = Error;
			sourceTree = "<group>";
		};
		E53B06602A5BAF1B0068F67F /* OpenCV */ = {
			isa = PBXGroup;
			children = (
				E53B06662A5BAFF40068F67F /* FaceID-iOS-Bridging-Header.h */,
				E53B06672A5BB05E0068F67F /* OpenCVWrapper.h */,
				E53B06682A5BB05E0068F67F /* OpenCVWrapper.mm */,
			);
			path = OpenCV;
			sourceTree = "<group>";
		};
		E59C5A692A4557A80069D718 /* Utils */ = {
			isa = PBXGroup;
			children = (
				E59C5A6A2A4557B70069D718 /* Math.swift */,
				E5DCE1D02A4AD5D9004B0761 /* CosineSimilarity.swift */,
				E58B23922A4BF1C5005DCF83 /* NavigationUtils.swift */,
			);
			path = Utils;
			sourceTree = "<group>";
		};
		E59C5A6C2A457E010069D718 /* Reuseables */ = {
			isa = PBXGroup;
			children = (
				E59C5A6F2A457E820069D718 /* View */,
			);
			path = Reuseables;
			sourceTree = "<group>";
		};
		E59C5A6F2A457E820069D718 /* View */ = {
			isa = PBXGroup;
			children = (
				E59C5A6D2A457E220069D718 /* CustomTextView.swift */,
				E59C5A722A4588100069D718 /* DefaultProgressCircle.swift */,
				E5B554712A493D5800CD8E36 /* ProgressBarView.swift */,
			);
			path = View;
			sourceTree = "<group>";
		};
		E5AC974E2A384C4D00DC1B27 /* View */ = {
			isa = PBXGroup;
			children = (
				E5AC974A2A381DEA00DC1B27 /* CameraViewController.swift */,
				E5AC974F2A384C5C00DC1B27 /* CameraView.swift */,
			);
			path = View;
			sourceTree = "<group>";
		};
		E5AE526F2A4010B400CB741F /* Constants */ = {
			isa = PBXGroup;
			children = (
				E5AE52742A4034DB00CB741F /* Constants.swift */,
				E59C5A702A4586690069D718 /* Text.swift */,
				E5962D2E2A5EA6B1002B4593 /* Pixel.swift */,
			);
			path = Constants;
			sourceTree = "<group>";
		};
		E5B87DB92A418569002AECD9 /* AIModel */ = {
			isa = PBXGroup;
			children = (
				E5AE116F2A442BA9003C38CC /* FaceID.mlmodel */,
				E5AE11712A442C80003C38CC /* FaceMask.mlmodel */,
				E5962D262A5E96B8002B4593 /* FaceAntiSpoofing2.mlmodel */,
				E5962D272A5E96B8002B4593 /* FaceAntiSpoofing4.mlmodel */,
				E5B87DBE2A4186C5002AECD9 /* FaceIDHelper.swift */,
				E5A01CE52A42EE5600E7BD7E /* FaceAntiSpoofingHelper.swift */,
				E5AE11732A442D08003C38CC /* FaceMaskHelper.swift */,
			);
			path = AIModel;
			sourceTree = "<group>";
		};
/* End PBXGroup section */

/* Begin PBXNativeTarget section */
		E507B4862A380AC900331FCA /* FaceID-iOS */ = {
			isa = PBXNativeTarget;
			buildConfigurationList = E507B49A2A380ACA00331FCA /* Build configuration list for PBXNativeTarget "FaceID-iOS" */;
			buildPhases = (
				24D74C7F33319E093F1F8C50 /* [CP] Check Pods Manifest.lock */,
				E507B4832A380AC900331FCA /* Sources */,
				E507B4842A380AC900331FCA /* Frameworks */,
				E507B4852A380AC900331FCA /* Resources */,
			);
			buildRules = (
			);
			dependencies = (
			);
			name = "FaceID-iOS";
			productName = "FaceID-iOS";
			productReference = E507B4872A380AC900331FCA /* FaceID-iOS.app */;
			productType = "com.apple.product-type.application";
		};
/* End PBXNativeTarget section */

/* Begin PBXProject section */
		E507B47F2A380AC800331FCA /* Project object */ = {
			isa = PBXProject;
			attributes = {
				BuildIndependentTargetsInParallel = 1;
				LastSwiftUpdateCheck = 1430;
				LastUpgradeCheck = 1430;
				TargetAttributes = {
					E507B4862A380AC900331FCA = {
						CreatedOnToolsVersion = 14.3.1;
						LastSwiftMigration = 1430;
					};
				};
			};
			buildConfigurationList = E507B4822A380AC800331FCA /* Build configuration list for PBXProject "FaceID-iOS" */;
			compatibilityVersion = "Xcode 14.0";
			developmentRegion = en;
			hasScannedForEncodings = 0;
			knownRegions = (
				en,
				Base,
			);
			mainGroup = E507B47E2A380AC800331FCA;
			productRefGroup = E507B4882A380AC900331FCA /* Products */;
			projectDirPath = "";
			projectRoot = "";
			targets = (
				E507B4862A380AC900331FCA /* FaceID-iOS */,
			);
		};
/* End PBXProject section */

/* Begin PBXResourcesBuildPhase section */
		E507B4852A380AC900331FCA /* Resources */ = {
			isa = PBXResourcesBuildPhase;
			buildActionMask = 2147483647;
			files = (
				E507B4922A380ACA00331FCA /* Preview Assets.xcassets in Resources */,
				E507B48F2A380ACA00331FCA /* Assets.xcassets in Resources */,
			);
			runOnlyForDeploymentPostprocessing = 0;
		};
/* End PBXResourcesBuildPhase section */

/* Begin PBXShellScriptBuildPhase section */
		24D74C7F33319E093F1F8C50 /* [CP] Check Pods Manifest.lock */ = {
			isa = PBXShellScriptBuildPhase;
			buildActionMask = 2147483647;
			files = (
			);
			inputFileListPaths = (
			);
			inputPaths = (
				"${PODS_PODFILE_DIR_PATH}/Podfile.lock",
				"${PODS_ROOT}/Manifest.lock",
			);
			name = "[CP] Check Pods Manifest.lock";
			outputFileListPaths = (
			);
			outputPaths = (
				"$(DERIVED_FILE_DIR)/Pods-FaceID-iOS-checkManifestLockResult.txt",
			);
			runOnlyForDeploymentPostprocessing = 0;
			shellPath = /bin/sh;
			shellScript = "diff \"${PODS_PODFILE_DIR_PATH}/Podfile.lock\" \"${PODS_ROOT}/Manifest.lock\" > /dev/null\nif [ $? != 0 ] ; then\n    # print error to STDERR\n    echo \"error: The sandbox is not in sync with the Podfile.lock. Run 'pod install' or update your CocoaPods installation.\" >&2\n    exit 1\nfi\n# This output is used by Xcode 'outputs' to avoid re-running this script phase.\necho \"SUCCESS\" > \"${SCRIPT_OUTPUT_FILE_0}\"\n";
			showEnvVarsInLog = 0;
		};
/* End PBXShellScriptBuildPhase section */

/* Begin PBXSourcesBuildPhase section */
		E507B4832A380AC900331FCA /* Sources */ = {
			isa = PBXSourcesBuildPhase;
			buildActionMask = 2147483647;
			files = (
				E507B4942A380ACA00331FCA /* Persistence.swift in Sources */,
				E5A01CDA2A42AB0100E7BD7E /* FaceCaptureBorderView.swift in Sources */,
				E5AC974B2A381DEA00DC1B27 /* CameraViewController.swift in Sources */,
				E5AE11742A442D08003C38CC /* FaceMaskHelper.swift in Sources */,
				E58B23912A4BCD05005DCF83 /* FaceEnrollCompletionView.swift in Sources */,
				E5A01CE02A42B00100E7BD7E /* FaceCaptureProgressView.swift in Sources */,
				E5962D332A5EA7AC002B4593 /* CGSize+Extensions.swift in Sources */,
				E59C5A682A4554C80069D718 /* WelcomeView.swift in Sources */,
				E5AE11702A442BA9003C38CC /* FaceID.mlmodel in Sources */,
				E5AB70972A4D2E2100EACCF9 /* FaceCaptureStatusView.swift in Sources */,
				E5AC97522A384CC200DC1B27 /* FaceEnrollView.swift in Sources */,
				E53B066B2A5BF4630068F67F /* FaceDetectorModel.swift in Sources */,
				E5AB70952A4D1F8600EACCF9 /* FaceCheckinView.swift in Sources */,
				E59C5A732A4588100069D718 /* DefaultProgressCircle.swift in Sources */,
				E5A01CE62A42EE5600E7BD7E /* FaceAntiSpoofingHelper.swift in Sources */,
				E5AC887C2A4ECFEF00F71AA7 /* CGRect+Extensions.swift in Sources */,
				E5A01CD82A42A88300E7BD7E /* UIImage+CVPixelBuffer.swift in Sources */,
				E59C5A662A454EBB0069D718 /* Color+Extensions.swift in Sources */,
				E5962D2B2A5EA470002B4593 /* CGImage+Rotating.swift in Sources */,
				E5AC974D2A384B7E00DC1B27 /* UIScreen+Extensions.swift in Sources */,
				E5A01CDC2A42AD0800E7BD7E /* View+Extensions.swift in Sources */,
				E5AC97502A384C5C00DC1B27 /* CameraView.swift in Sources */,
				E5962D292A5E96B8002B4593 /* FaceAntiSpoofing4.mlmodel in Sources */,
				E52222CA2A3AB6940058246C /* CameraViewModel.swift in Sources */,
				E5AB70992A4D3F6B00EACCF9 /* FaceCheckinCompletionView.swift in Sources */,
				E507B4A22A380E0900331FCA /* ErrorView.swift in Sources */,
				E5DCE1D12A4AD5D9004B0761 /* CosineSimilarity.swift in Sources */,
				E5A01CDE2A42AD4400E7BD7E /* UINavigationController.swift in Sources */,
				E5A01CE82A42FAF100E7BD7E /* CVPixelBuffer+Resize.swift in Sources */,
				E59C5A6B2A4557B70069D718 /* Math.swift in Sources */,
				E5962D312A5EA728002B4593 /* CGImage+Extensions.swift in Sources */,
				E585685A2A3969DA008460A3 /* FaceInstructionView.swift in Sources */,
				E5B554722A493D5800CD8E36 /* ProgressBarView.swift in Sources */,
				E5962D252A5E8D7E002B4593 /* Array+Extensions.swift in Sources */,
				E507B4A02A380CD100331FCA /* CameraError.swift in Sources */,
				E507B4972A380ACA00331FCA /* FaceID_iOS.xcdatamodeld in Sources */,
				E53B06692A5BB05E0068F67F /* OpenCVWrapper.mm in Sources */,
				E58B23932A4BF1C5005DCF83 /* NavigationUtils.swift in Sources */,
				E507B4AA2A381BE400331FCA /* CGImage+CVPixelBuffer.swift in Sources */,
				E59C4EF52A579716009E57C3 /* UIImage+Extensions.swift in Sources */,
				E5AE52732A40145700CB741F /* FaceBoundingBoxView.swift in Sources */,
				E5A01CEA2A42FE4F00E7BD7E /* CVPixelBuffer+Create.swift in Sources */,
				E5AE11722A442C80003C38CC /* FaceMask.mlmodel in Sources */,
				E59C5A712A4586690069D718 /* Text.swift in Sources */,
				E5962D2F2A5EA6B1002B4593 /* Pixel.swift in Sources */,
				E5AE52752A4034DB00CB741F /* Constants.swift in Sources */,
				E59C5A6E2A457E220069D718 /* CustomTextView.swift in Sources */,
				E5962D282A5E96B8002B4593 /* FaceAntiSpoofing2.mlmodel in Sources */,
				E5962D2D2A5EA674002B4593 /* CGContext+Extensions.swift in Sources */,
				E507B48B2A380AC900331FCA /* FaceID_iOSApp.swift in Sources */,
				E5B87DBF2A4186C5002AECD9 /* FaceIDHelper.swift in Sources */,
			);
			runOnlyForDeploymentPostprocessing = 0;
		};
/* End PBXSourcesBuildPhase section */

/* Begin XCBuildConfiguration section */
		E507B4982A380ACA00331FCA /* Debug */ = {
			isa = XCBuildConfiguration;
			buildSettings = {
				ALWAYS_SEARCH_USER_PATHS = NO;
				CLANG_ANALYZER_NONNULL = YES;
				CLANG_ANALYZER_NUMBER_OBJECT_CONVERSION = YES_AGGRESSIVE;
				CLANG_CXX_LANGUAGE_STANDARD = "gnu++20";
				CLANG_ENABLE_MODULES = YES;
				CLANG_ENABLE_OBJC_ARC = YES;
				CLANG_ENABLE_OBJC_WEAK = YES;
				CLANG_WARN_BLOCK_CAPTURE_AUTORELEASING = YES;
				CLANG_WARN_BOOL_CONVERSION = YES;
				CLANG_WARN_COMMA = YES;
				CLANG_WARN_CONSTANT_CONVERSION = YES;
				CLANG_WARN_DEPRECATED_OBJC_IMPLEMENTATIONS = YES;
				CLANG_WARN_DIRECT_OBJC_ISA_USAGE = YES_ERROR;
				CLANG_WARN_DOCUMENTATION_COMMENTS = YES;
				CLANG_WARN_EMPTY_BODY = YES;
				CLANG_WARN_ENUM_CONVERSION = YES;
				CLANG_WARN_INFINITE_RECURSION = YES;
				CLANG_WARN_INT_CONVERSION = YES;
				CLANG_WARN_NON_LITERAL_NULL_CONVERSION = YES;
				CLANG_WARN_OBJC_IMPLICIT_RETAIN_SELF = YES;
				CLANG_WARN_OBJC_LITERAL_CONVERSION = YES;
				CLANG_WARN_OBJC_ROOT_CLASS = YES_ERROR;
				CLANG_WARN_QUOTED_INCLUDE_IN_FRAMEWORK_HEADER = YES;
				CLANG_WARN_RANGE_LOOP_ANALYSIS = YES;
				CLANG_WARN_STRICT_PROTOTYPES = YES;
				CLANG_WARN_SUSPICIOUS_MOVE = YES;
				CLANG_WARN_UNGUARDED_AVAILABILITY = YES_AGGRESSIVE;
				CLANG_WARN_UNREACHABLE_CODE = YES;
				CLANG_WARN__DUPLICATE_METHOD_MATCH = YES;
				COPY_PHASE_STRIP = NO;
				DEBUG_INFORMATION_FORMAT = dwarf;
				ENABLE_STRICT_OBJC_MSGSEND = YES;
				ENABLE_TESTABILITY = YES;
				GCC_C_LANGUAGE_STANDARD = gnu11;
				GCC_DYNAMIC_NO_PIC = NO;
				GCC_NO_COMMON_BLOCKS = YES;
				GCC_OPTIMIZATION_LEVEL = 0;
				GCC_PREPROCESSOR_DEFINITIONS = (
					"DEBUG=1",
					"$(inherited)",
				);
				GCC_WARN_64_TO_32_BIT_CONVERSION = YES;
				GCC_WARN_ABOUT_RETURN_TYPE = YES_ERROR;
				GCC_WARN_UNDECLARED_SELECTOR = YES;
				GCC_WARN_UNINITIALIZED_AUTOS = YES_AGGRESSIVE;
				GCC_WARN_UNUSED_FUNCTION = YES;
				GCC_WARN_UNUSED_VARIABLE = YES;
				IPHONEOS_DEPLOYMENT_TARGET = 16.4;
				MTL_ENABLE_DEBUG_INFO = INCLUDE_SOURCE;
				MTL_FAST_MATH = YES;
				ONLY_ACTIVE_ARCH = YES;
				SDKROOT = iphoneos;
				SWIFT_ACTIVE_COMPILATION_CONDITIONS = DEBUG;
				SWIFT_OPTIMIZATION_LEVEL = "-Onone";
			};
			name = Debug;
		};
		E507B4992A380ACA00331FCA /* Release */ = {
			isa = XCBuildConfiguration;
			buildSettings = {
				ALWAYS_SEARCH_USER_PATHS = NO;
				CLANG_ANALYZER_NONNULL = YES;
				CLANG_ANALYZER_NUMBER_OBJECT_CONVERSION = YES_AGGRESSIVE;
				CLANG_CXX_LANGUAGE_STANDARD = "gnu++20";
				CLANG_ENABLE_MODULES = YES;
				CLANG_ENABLE_OBJC_ARC = YES;
				CLANG_ENABLE_OBJC_WEAK = YES;
				CLANG_WARN_BLOCK_CAPTURE_AUTORELEASING = YES;
				CLANG_WARN_BOOL_CONVERSION = YES;
				CLANG_WARN_COMMA = YES;
				CLANG_WARN_CONSTANT_CONVERSION = YES;
				CLANG_WARN_DEPRECATED_OBJC_IMPLEMENTATIONS = YES;
				CLANG_WARN_DIRECT_OBJC_ISA_USAGE = YES_ERROR;
				CLANG_WARN_DOCUMENTATION_COMMENTS = YES;
				CLANG_WARN_EMPTY_BODY = YES;
				CLANG_WARN_ENUM_CONVERSION = YES;
				CLANG_WARN_INFINITE_RECURSION = YES;
				CLANG_WARN_INT_CONVERSION = YES;
				CLANG_WARN_NON_LITERAL_NULL_CONVERSION = YES;
				CLANG_WARN_OBJC_IMPLICIT_RETAIN_SELF = YES;
				CLANG_WARN_OBJC_LITERAL_CONVERSION = YES;
				CLANG_WARN_OBJC_ROOT_CLASS = YES_ERROR;
				CLANG_WARN_QUOTED_INCLUDE_IN_FRAMEWORK_HEADER = YES;
				CLANG_WARN_RANGE_LOOP_ANALYSIS = YES;
				CLANG_WARN_STRICT_PROTOTYPES = YES;
				CLANG_WARN_SUSPICIOUS_MOVE = YES;
				CLANG_WARN_UNGUARDED_AVAILABILITY = YES_AGGRESSIVE;
				CLANG_WARN_UNREACHABLE_CODE = YES;
				CLANG_WARN__DUPLICATE_METHOD_MATCH = YES;
				COPY_PHASE_STRIP = NO;
				DEBUG_INFORMATION_FORMAT = "dwarf-with-dsym";
				ENABLE_NS_ASSERTIONS = NO;
				ENABLE_STRICT_OBJC_MSGSEND = YES;
				GCC_C_LANGUAGE_STANDARD = gnu11;
				GCC_NO_COMMON_BLOCKS = YES;
				GCC_WARN_64_TO_32_BIT_CONVERSION = YES;
				GCC_WARN_ABOUT_RETURN_TYPE = YES_ERROR;
				GCC_WARN_UNDECLARED_SELECTOR = YES;
				GCC_WARN_UNINITIALIZED_AUTOS = YES_AGGRESSIVE;
				GCC_WARN_UNUSED_FUNCTION = YES;
				GCC_WARN_UNUSED_VARIABLE = YES;
				IPHONEOS_DEPLOYMENT_TARGET = 16.4;
				MTL_ENABLE_DEBUG_INFO = NO;
				MTL_FAST_MATH = YES;
				SDKROOT = iphoneos;
				SWIFT_COMPILATION_MODE = wholemodule;
				SWIFT_OPTIMIZATION_LEVEL = "-O";
				VALIDATE_PRODUCT = YES;
			};
			name = Release;
		};
		E507B49B2A380ACA00331FCA /* Debug */ = {
			isa = XCBuildConfiguration;
			baseConfigurationReference = 28AA8C53C24D49CD2537F5A9 /* Pods-FaceID-iOS.debug.xcconfig */;
			buildSettings = {
				ASSETCATALOG_COMPILER_APPICON_NAME = AppIcon;
				ASSETCATALOG_COMPILER_GLOBAL_ACCENT_COLOR_NAME = AccentColor;
				CLANG_ENABLE_MODULES = YES;
				CODE_SIGN_STYLE = Automatic;
				CURRENT_PROJECT_VERSION = 1;
				DEVELOPMENT_ASSET_PATHS = "\"FaceID-iOS/Preview Content\"";
				DEVELOPMENT_TEAM = CD5BA2AYRN;
				ENABLE_PREVIEWS = YES;
				GENERATE_INFOPLIST_FILE = YES;
				INFOPLIST_KEY_NSCameraUsageDescription = "Camera access is required to use functionlities of this app";
				INFOPLIST_KEY_NSPhotoLibraryAddUsageDescription = "Photo Library access is required to save photos";
				INFOPLIST_KEY_UIApplicationSceneManifest_Generation = YES;
				INFOPLIST_KEY_UIApplicationSupportsIndirectInputEvents = YES;
				INFOPLIST_KEY_UILaunchScreen_Generation = YES;
				INFOPLIST_KEY_UISupportedInterfaceOrientations = UIInterfaceOrientationPortrait;
				IPHONEOS_DEPLOYMENT_TARGET = 15.0;
				LD_RUNPATH_SEARCH_PATHS = (
					"$(inherited)",
					"@executable_path/Frameworks",
				);
				MARKETING_VERSION = 1.0;
				PRODUCT_BUNDLE_IDENTIFIER = "com.thomaspham.FaceID-iOS";
				PRODUCT_NAME = "$(TARGET_NAME)";
				SWIFT_EMIT_LOC_STRINGS = YES;
				SWIFT_OBJC_BRIDGING_HEADER = "FaceID-iOS/OpenCV/FaceID-iOS-Bridging-Header.h";
				SWIFT_OPTIMIZATION_LEVEL = "-Onone";
				SWIFT_VERSION = 5.0;
				TARGETED_DEVICE_FAMILY = "1,2";
			};
			name = Debug;
		};
		E507B49C2A380ACA00331FCA /* Release */ = {
			isa = XCBuildConfiguration;
			baseConfigurationReference = 7A7D0CDFADD0E5F2C7CCC2DC /* Pods-FaceID-iOS.release.xcconfig */;
			buildSettings = {
				ASSETCATALOG_COMPILER_APPICON_NAME = AppIcon;
				ASSETCATALOG_COMPILER_GLOBAL_ACCENT_COLOR_NAME = AccentColor;
				CLANG_ENABLE_MODULES = YES;
				CODE_SIGN_STYLE = Automatic;
				CURRENT_PROJECT_VERSION = 1;
				DEVELOPMENT_ASSET_PATHS = "\"FaceID-iOS/Preview Content\"";
				DEVELOPMENT_TEAM = CD5BA2AYRN;
				ENABLE_PREVIEWS = YES;
				GENERATE_INFOPLIST_FILE = YES;
				INFOPLIST_KEY_NSCameraUsageDescription = "Camera access is required to use functionlities of this app";
				INFOPLIST_KEY_NSPhotoLibraryAddUsageDescription = "Photo Library access is required to save photos";
				INFOPLIST_KEY_UIApplicationSceneManifest_Generation = YES;
				INFOPLIST_KEY_UIApplicationSupportsIndirectInputEvents = YES;
				INFOPLIST_KEY_UILaunchScreen_Generation = YES;
				INFOPLIST_KEY_UISupportedInterfaceOrientations = UIInterfaceOrientationPortrait;
				IPHONEOS_DEPLOYMENT_TARGET = 15.0;
				LD_RUNPATH_SEARCH_PATHS = (
					"$(inherited)",
					"@executable_path/Frameworks",
				);
				MARKETING_VERSION = 1.0;
				PRODUCT_BUNDLE_IDENTIFIER = "com.thomaspham.FaceID-iOS";
				PRODUCT_NAME = "$(TARGET_NAME)";
				SWIFT_EMIT_LOC_STRINGS = YES;
				SWIFT_OBJC_BRIDGING_HEADER = "FaceID-iOS/OpenCV/FaceID-iOS-Bridging-Header.h";
				SWIFT_VERSION = 5.0;
				TARGETED_DEVICE_FAMILY = "1,2";
			};
			name = Release;
		};
/* End XCBuildConfiguration section */

/* Begin XCConfigurationList section */
		E507B4822A380AC800331FCA /* Build configuration list for PBXProject "FaceID-iOS" */ = {
			isa = XCConfigurationList;
			buildConfigurations = (
				E507B4982A380ACA00331FCA /* Debug */,
				E507B4992A380ACA00331FCA /* Release */,
			);
			defaultConfigurationIsVisible = 0;
			defaultConfigurationName = Release;
		};
		E507B49A2A380ACA00331FCA /* Build configuration list for PBXNativeTarget "FaceID-iOS" */ = {
			isa = XCConfigurationList;
			buildConfigurations = (
				E507B49B2A380ACA00331FCA /* Debug */,
				E507B49C2A380ACA00331FCA /* Release */,
			);
			defaultConfigurationIsVisible = 0;
			defaultConfigurationName = Release;
		};
/* End XCConfigurationList section */

/* Begin XCVersionGroup section */
		E507B4952A380ACA00331FCA /* FaceID_iOS.xcdatamodeld */ = {
			isa = XCVersionGroup;
			children = (
				E507B4962A380ACA00331FCA /* FaceID_iOS.xcdatamodel */,
			);
			currentVersion = E507B4962A380ACA00331FCA /* FaceID_iOS.xcdatamodel */;
			path = FaceID_iOS.xcdatamodeld;
			sourceTree = "<group>";
			versionGroupType = wrapper.xcdatamodel;
		};
/* End XCVersionGroup section */
	};
	rootObject = E507B47F2A380AC800331FCA /* Project object */;
}
